
Microsoft Visual Studio Solution File, Format Version 12.00
# Visual Studio 15
VisualStudioVersion = 15.0.28307.136
MinimumVisualStudioVersion = 10.0.40219.1
Project("{FAE04EC0-301F-11D3-BF4B-00C04F79EFBC}") = "Azue_Pluralsight_tutorials", "Azue_Pluralsight_tutorials\Azue_Pluralsight_tutorials.csproj", "{3B8AA43C-B9F1-406A-BA0A-15E7CA8FBF7C}"
EndProject
Global
	GlobalSection(SolutionConfigurationPlatforms) = preSolution
		Debug|Any CPU = Debug|Any CPU
		Release|Any CPU = Release|Any CPU
	EndGlobalSection
	GlobalSection(ProjectConfigurationPlatforms) = postSolution
		{3B8AA43C-B9F1-406A-BA0A-15E7CA8FBF7C}.Debug|Any CPU.ActiveCfg = Debug|Any CPU
		{3B8AA43C-B9F1-406A-BA0A-15E7CA8FBF7C}.Debug|Any CPU.Build.0 = Debug|Any CPU
		{3B8AA43C-B9F1-406A-BA0A-15E7CA8FBF7C}.Release|Any CPU.ActiveCfg = Release|Any CPU
		{3B8AA43C-B9F1-406A-BA0A-15E7CA8FBF7C}.Release|Any CPU.Build.0 = Release|Any CPU
	EndGlobalSection
	GlobalSection(SolutionProperties) = preSolution
		HideSolutionNode = FALSE
	EndGlobalSection
	GlobalSection(ExtensibilityGlobals) = postSolution
		SolutionGuid = {D01E94C6-BFB0-42F9-B0B3-350DA4A0D6D5}
	EndGlobalSection
EndGlobal
